
Microsoft Visual Studio Solution File, Format Version 12.00
# Visual Studio Version 17
VisualStudioVersion = 17.13.35931.197 d17.13
MinimumVisualStudioVersion = 10.0.40219.1
Project("{FAE04EC0-301F-11D3-BF4B-00C04F79EFBC}") = "AuthAPI", "AuthAPI\AuthAPI.csproj", "{6B597159-2205-46C9-8E75-60C2D39F2EFE}"
EndProject
Global
	GlobalSection(SolutionConfigurationPlatforms) = preSolution
		Debug|Any CPU = Debug|Any CPU
		Release|Any CPU = Release|Any CPU
	EndGlobalSection
	GlobalSection(ProjectConfigurationPlatforms) = postSolution
		{6B597159-2205-46C9-8E75-60C2D39F2EFE}.Debug|Any CPU.ActiveCfg = Debug|Any CPU
		{6B597159-2205-46C9-8E75-60C2D39F2EFE}.Debug|Any CPU.Build.0 = Debug|Any CPU
		{6B597159-2205-46C9-8E75-60C2D39F2EFE}.Release|Any CPU.ActiveCfg = Release|Any CPU
		{6B597159-2205-46C9-8E75-60C2D39F2EFE}.Release|Any CPU.Build.0 = Release|Any CPU
	EndGlobalSection
	GlobalSection(SolutionProperties) = preSolution
		HideSolutionNode = FALSE
	EndGlobalSection
	GlobalSection(ExtensibilityGlobals) = postSolution
		SolutionGuid = {251F40DD-F07C-430D-96C4-0F2499408284}
	EndGlobalSection
EndGlobal
